
Microsoft Visual Studio Solution File, Format Version 12.00
# Visual Studio Version 17
VisualStudioVersion = 17.4.33213.308
MinimumVisualStudioVersion = 10.0.40219.1
Project("{FAE04EC0-301F-11D3-BF4B-00C04F79EFBC}") = "FunctionProject", "FunctionProject\FunctionProject.csproj", "{9BA34C2C-2B30-4EA8-8C99-8C7897140BEC}"
EndProject
Project("{FAE04EC0-301F-11D3-BF4B-00C04F79EFBC}") = "TestProject1", "TestProject1\TestProject1.csproj", "{3496AEB5-D5DF-41BC-A996-39D6004B3F3E}"
EndProject
Global
	GlobalSection(SolutionConfigurationPlatforms) = preSolution
		Debug|Any CPU = Debug|Any CPU
		Release|Any CPU = Release|Any CPU
	EndGlobalSection
	GlobalSection(ProjectConfigurationPlatforms) = postSolution
		{9BA34C2C-2B30-4EA8-8C99-8C7897140BEC}.Debug|Any CPU.ActiveCfg = Debug|Any CPU
		{9BA34C2C-2B30-4EA8-8C99-8C7897140BEC}.Debug|Any CPU.Build.0 = Debug|Any CPU
		{9BA34C2C-2B30-4EA8-8C99-8C7897140BEC}.Release|Any CPU.ActiveCfg = Release|Any CPU
		{9BA34C2C-2B30-4EA8-8C99-8C7897140BEC}.Release|Any CPU.Build.0 = Release|Any CPU
		{3496AEB5-D5DF-41BC-A996-39D6004B3F3E}.Debug|Any CPU.ActiveCfg = Debug|Any CPU
		{3496AEB5-D5DF-41BC-A996-39D6004B3F3E}.Debug|Any CPU.Build.0 = Debug|Any CPU
		{3496AEB5-D5DF-41BC-A996-39D6004B3F3E}.Release|Any CPU.ActiveCfg = Release|Any CPU
		{3496AEB5-D5DF-41BC-A996-39D6004B3F3E}.Release|Any CPU.Build.0 = Release|Any CPU
	EndGlobalSection
	GlobalSection(SolutionProperties) = preSolution
		HideSolutionNode = FALSE
	EndGlobalSection
	GlobalSection(ExtensibilityGlobals) = postSolution
		SolutionGuid = {7C84AED3-E71D-41A9-A69B-F5A0B060984C}
	EndGlobalSection
EndGlobal
